// !$*UTF8*$!
{
	archiveVersion = 1;
	classes = {
	};
	objectVersion = 48;
	objects = {

/* Begin PBXBuildFile section */
		3D8BC5BB205CF89900C09C5E /* AppDelegate.swift in Sources */ = {isa = PBXBuildFile; fileRef = 3D8BC5BA205CF89900C09C5E /* AppDelegate.swift */; };
		3D8BC5BD205CF89900C09C5E /* ViewController.swift in Sources */ = {isa = PBXBuildFile; fileRef = 3D8BC5BC205CF89900C09C5E /* ViewController.swift */; };
		3D8BC5C0205CF89900C09C5E /* Main.storyboard in Resources */ = {isa = PBXBuildFile; fileRef = 3D8BC5BE205CF89900C09C5E /* Main.storyboard */; };
		3D8BC5C2205CF89900C09C5E /* Assets.xcassets in Resources */ = {isa = PBXBuildFile; fileRef = 3D8BC5C1205CF89900C09C5E /* Assets.xcassets */; };
		3D8BC5C5205CF89900C09C5E /* LaunchScreen.storyboard in Resources */ = {isa = PBXBuildFile; fileRef = 3D8BC5C3205CF89900C09C5E /* LaunchScreen.storyboard */; };
		3D8BC5D0205CF95B00C09C5E /* UserModel.swift in Sources */ = {isa = PBXBuildFile; fileRef = 3D8BC5CF205CF95B00C09C5E /* UserModel.swift */; };
		3D8BC5D2205CF97D00C09C5E /* ErrorModel.swift in Sources */ = {isa = PBXBuildFile; fileRef = 3D8BC5D1205CF97D00C09C5E /* ErrorModel.swift */; };
		3D8BC5D5205CFBA900C09C5E /* AppConfig.swift in Sources */ = {isa = PBXBuildFile; fileRef = 3D8BC5D4205CFBA900C09C5E /* AppConfig.swift */; };
		3D8BC5D7205CFBE600C09C5E /* Error.swift in Sources */ = {isa = PBXBuildFile; fileRef = 3D8BC5D6205CFBE600C09C5E /* Error.swift */; };
		3D8BC5D9205CFC5000C09C5E /* HttpService.swift in Sources */ = {isa = PBXBuildFile; fileRef = 3D8BC5D8205CFC5000C09C5E /* HttpService.swift */; };
		3D8BC5DB205CFC7700C09C5E /* ApiService.swift in Sources */ = {isa = PBXBuildFile; fileRef = 3D8BC5DA205CFC7700C09C5E /* ApiService.swift */; };
		3D8BC5DD205CFD0000C09C5E /* UpdateViewController.swift in Sources */ = {isa = PBXBuildFile; fileRef = 3D8BC5DC205CFD0000C09C5E /* UpdateViewController.swift */; };
/* End PBXBuildFile section */

/* Begin PBXFileReference section */
		3D8BC5B7205CF89900C09C5E /* Noodoe.app */ = {isa = PBXFileReference; explicitFileType = wrapper.application; includeInIndex = 0; path = Noodoe.app; sourceTree = BUILT_PRODUCTS_DIR; };
		3D8BC5BA205CF89900C09C5E /* AppDelegate.swift */ = {isa = PBXFileReference; lastKnownFileType = sourcecode.swift; path = AppDelegate.swift; sourceTree = "<group>"; };
		3D8BC5BC205CF89900C09C5E /* ViewController.swift */ = {isa = PBXFileReference; lastKnownFileType = sourcecode.swift; path = ViewController.swift; sourceTree = "<group>"; };
		3D8BC5BF205CF89900C09C5E /* Base */ = {isa = PBXFileReference; lastKnownFileType = file.storyboard; name = Base; path = Base.lproj/Main.storyboard; sourceTree = "<group>"; };
		3D8BC5C1205CF89900C09C5E /* Assets.xcassets */ = {isa = PBXFileReference; lastKnownFileType = folder.assetcatalog; path = Assets.xcassets; sourceTree = "<group>"; };
		3D8BC5C4205CF89900C09C5E /* Base */ = {isa = PBXFileReference; lastKnownFileType = file.storyboard; name = Base; path = Base.lproj/LaunchScreen.storyboard; sourceTree = "<group>"; };
		3D8BC5C6205CF89900C09C5E /* Info.plist */ = {isa = PBXFileReference; lastKnownFileType = text.plist.xml; path = Info.plist; sourceTree = "<group>"; };
		3D8BC5CF205CF95B00C09C5E /* UserModel.swift */ = {isa = PBXFileReference; lastKnownFileType = sourcecode.swift; path = UserModel.swift; sourceTree = "<group>"; };
		3D8BC5D1205CF97D00C09C5E /* ErrorModel.swift */ = {isa = PBXFileReference; lastKnownFileType = sourcecode.swift; path = ErrorModel.swift; sourceTree = "<group>"; };
		3D8BC5D4205CFBA900C09C5E /* AppConfig.swift */ = {isa = PBXFileReference; lastKnownFileType = sourcecode.swift; path = AppConfig.swift; sourceTree = "<group>"; };
		3D8BC5D6205CFBE600C09C5E /* Error.swift */ = {isa = PBXFileReference; lastKnownFileType = sourcecode.swift; path = Error.swift; sourceTree = "<group>"; };
		3D8BC5D8205CFC5000C09C5E /* HttpService.swift */ = {isa = PBXFileReference; lastKnownFileType = sourcecode.swift; path = HttpService.swift; sourceTree = "<group>"; };
		3D8BC5DA205CFC7700C09C5E /* ApiService.swift */ = {isa = PBXFileReference; lastKnownFileType = sourcecode.swift; path = ApiService.swift; sourceTree = "<group>"; };
		3D8BC5DC205CFD0000C09C5E /* UpdateViewController.swift */ = {isa = PBXFileReference; lastKnownFileType = sourcecode.swift; path = UpdateViewController.swift; sourceTree = "<group>"; };
/* End PBXFileReference section */

/* Begin PBXFrameworksBuildPhase section */
		3D8BC5B4205CF89900C09C5E /* Frameworks */ = {
			isa = PBXFrameworksBuildPhase;
			buildActionMask = 2147483647;
			files = (
			);
			runOnlyForDeploymentPostprocessing = 0;
		};
/* End PBXFrameworksBuildPhase section */

/* Begin PBXGroup section */
		3D8BC5AE205CF89900C09C5E = {
			isa = PBXGroup;
			children = (
				3D8BC5B9205CF89900C09C5E /* Noodoe */,
				3D8BC5B8205CF89900C09C5E /* Products */,
			);
			sourceTree = "<group>";
		};
		3D8BC5B8205CF89900C09C5E /* Products */ = {
			isa = PBXGroup;
			children = (
				3D8BC5B7205CF89900C09C5E /* Noodoe.app */,
			);
			name = Products;
			sourceTree = "<group>";
		};
		3D8BC5B9205CF89900C09C5E /* Noodoe */ = {
			isa = PBXGroup;
			children = (
				3D8BC5D3205CFB8800C09C5E /* Service */,
				3D8BC5CE205CF92800C09C5E /* Storyboard */,
				3D8BC5CD205CF8EE00C09C5E /* Model */,
				3D8BC5CC205CF8D700C09C5E /* Controllers */,
				3D8BC5D6205CFBE600C09C5E /* Error.swift */,
				3D8BC5BA205CF89900C09C5E /* AppDelegate.swift */,
				3D8BC5D4205CFBA900C09C5E /* AppConfig.swift */,
				3D8BC5C1205CF89900C09C5E /* Assets.xcassets */,
				3D8BC5C6205CF89900C09C5E /* Info.plist */,
			);
			path = Noodoe;
			sourceTree = "<group>";
		};
		3D8BC5CC205CF8D700C09C5E /* Controllers */ = {
			isa = PBXGroup;
			children = (
				3D8BC5BC205CF89900C09C5E /* ViewController.swift */,
				3D8BC5DC205CFD0000C09C5E /* UpdateViewController.swift */,
			);
			path = Controllers;
			sourceTree = "<group>";
		};
		3D8BC5CD205CF8EE00C09C5E /* Model */ = {
			isa = PBXGroup;
			children = (
				3D8BC5CF205CF95B00C09C5E /* UserModel.swift */,
				3D8BC5D1205CF97D00C09C5E /* ErrorModel.swift */,
			);
			path = Model;
			sourceTree = "<group>";
		};
		3D8BC5CE205CF92800C09C5E /* Storyboard */ = {
			isa = PBXGroup;
			children = (
				3D8BC5BE205CF89900C09C5E /* Main.storyboard */,
				3D8BC5C3205CF89900C09C5E /* LaunchScreen.storyboard */,
			);
			path = Storyboard;
			sourceTree = "<group>";
		};
		3D8BC5D3205CFB8800C09C5E /* Service */ = {
			isa = PBXGroup;
			children = (
				3D8BC5D8205CFC5000C09C5E /* HttpService.swift */,
				3D8BC5DA205CFC7700C09C5E /* ApiService.swift */,
			);
			path = Service;
			sourceTree = "<group>";
		};
/* End PBXGroup section */

/* Begin PBXNativeTarget section */
		3D8BC5B6205CF89900C09C5E /* Noodoe */ = {
			isa = PBXNativeTarget;
			buildConfigurationList = 3D8BC5C9205CF89900C09C5E /* Build configuration list for PBXNativeTarget "Noodoe" */;
			buildPhases = (
				3D8BC5B3205CF89900C09C5E /* Sources */,
				3D8BC5B4205CF89900C09C5E /* Frameworks */,
				3D8BC5B5205CF89900C09C5E /* Resources */,
			);
			buildRules = (
			);
			dependencies = (
			);
			name = Noodoe;
			productName = Noodoe;
			productReference = 3D8BC5B7205CF89900C09C5E /* Noodoe.app */;
			productType = "com.apple.product-type.application";
		};
/* End PBXNativeTarget section */

/* Begin PBXProject section */
		3D8BC5AF205CF89900C09C5E /* Project object */ = {
			isa = PBXProject;
			attributes = {
				LastSwiftUpdateCheck = 0920;
				LastUpgradeCheck = 0920;
				ORGANIZATIONNAME = giggs;
				TargetAttributes = {
					3D8BC5B6205CF89900C09C5E = {
						CreatedOnToolsVersion = 9.2;
						ProvisioningStyle = Automatic;
					};
				};
			};
			buildConfigurationList = 3D8BC5B2205CF89900C09C5E /* Build configuration list for PBXProject "Noodoe" */;
			compatibilityVersion = "Xcode 8.0";
			developmentRegion = en;
			hasScannedForEncodings = 0;
			knownRegions = (
				en,
				Base,
			);
			mainGroup = 3D8BC5AE205CF89900C09C5E;
			productRefGroup = 3D8BC5B8205CF89900C09C5E /* Products */;
			projectDirPath = "";
			projectRoot = "";
			targets = (
				3D8BC5B6205CF89900C09C5E /* Noodoe */,
			);
		};
/* End PBXProject section */

/* Begin PBXResourcesBuildPhase section */
		3D8BC5B5205CF89900C09C5E /* Resources */ = {
			isa = PBXResourcesBuildPhase;
			buildActionMask = 2147483647;
			files = (
				3D8BC5C5205CF89900C09C5E /* LaunchScreen.storyboard in Resources */,
				3D8BC5C2205CF89900C09C5E /* Assets.xcassets in Resources */,
				3D8BC5C0205CF89900C09C5E /* Main.storyboard in Resources */,
			);
			runOnlyForDeploymentPostprocessing = 0;
		};
/* End PBXResourcesBuildPhase section */

/* Begin PBXSourcesBuildPhase section */
		3D8BC5B3205CF89900C09C5E /* Sources */ = {
			isa = PBXSourcesBuildPhase;
			buildActionMask = 2147483647;
			files = (
				3D8BC5BD205CF89900C09C5E /* ViewController.swift in Sources */,
				3D8BC5D5205CFBA900C09C5E /* AppConfig.swift in Sources */,
				3D8BC5DD205CFD0000C09C5E /* UpdateViewController.swift in Sources */,
				3D8BC5D0205CF95B00C09C5E /* UserModel.swift in Sources */,
				3D8BC5D2205CF97D00C09C5E /* ErrorModel.swift in Sources */,
				3D8BC5D7205CFBE600C09C5E /* Error.swift in Sources */,
				3D8BC5BB205CF89900C09C5E /* AppDelegate.swift in Sources */,
				3D8BC5DB205CFC7700C09C5E /* ApiService.swift in Sources */,
				3D8BC5D9205CFC5000C09C5E /* HttpService.swift in Sources */,
			);
			runOnlyForDeploymentPostprocessing = 0;
		};
/* End PBXSourcesBuildPhase section */

/* Begin PBXVariantGroup section */
		3D8BC5BE205CF89900C09C5E /* Main.storyboard */ = {
			isa = PBXVariantGroup;
			children = (
				3D8BC5BF205CF89900C09C5E /* Base */,
			);
			name = Main.storyboard;
			sourceTree = "<group>";
		};
		3D8BC5C3205CF89900C09C5E /* LaunchScreen.storyboard */ = {
			isa = PBXVariantGroup;
			children = (
				3D8BC5C4205CF89900C09C5E /* Base */,
			);
			name = LaunchScreen.storyboard;
			sourceTree = "<group>";
		};
/* End PBXVariantGroup section */

/* Begin XCBuildConfiguration section */
		3D8BC5C7205CF89900C09C5E /* Debug */ = {
			isa = XCBuildConfiguration;
			buildSettings = {
				ALWAYS_SEARCH_USER_PATHS = NO;
				CLANG_ANALYZER_NONNULL = YES;
				CLANG_ANALYZER_NUMBER_OBJECT_CONVERSION = YES_AGGRESSIVE;
				CLANG_CXX_LANGUAGE_STANDARD = "gnu++14";
				CLANG_CXX_LIBRARY = "libc++";
				CLANG_ENABLE_MODULES = YES;
				CLANG_ENABLE_OBJC_ARC = YES;
				CLANG_WARN_BLOCK_CAPTURE_AUTORELEASING = YES;
				CLANG_WARN_BOOL_CONVERSION = YES;
				CLANG_WARN_COMMA = YES;
				CLANG_WARN_CONSTANT_CONVERSION = YES;
				CLANG_WARN_DIRECT_OBJC_ISA_USAGE = YES_ERROR;
				CLANG_WARN_DOCUMENTATION_COMMENTS = YES;
				CLANG_WARN_EMPTY_BODY = YES;
				CLANG_WARN_ENUM_CONVERSION = YES;
				CLANG_WARN_INFINITE_RECURSION = YES;
				CLANG_WARN_INT_CONVERSION = YES;
				CLANG_WARN_NON_LITERAL_NULL_CONVERSION = YES;
				CLANG_WARN_OBJC_LITERAL_CONVERSION = YES;
				CLANG_WARN_OBJC_ROOT_CLASS = YES_ERROR;
				CLANG_WARN_RANGE_LOOP_ANALYSIS = YES;
				CLANG_WARN_STRICT_PROTOTYPES = YES;
				CLANG_WARN_SUSPICIOUS_MOVE = YES;
				CLANG_WARN_UNGUARDED_AVAILABILITY = YES_AGGRESSIVE;
				CLANG_WARN_UNREACHABLE_CODE = YES;
				CLANG_WARN__DUPLICATE_METHOD_MATCH = YES;
				CODE_SIGN_IDENTITY = "iPhone Developer";
				COPY_PHASE_STRIP = NO;
				DEBUG_INFORMATION_FORMAT = dwarf;
				ENABLE_STRICT_OBJC_MSGSEND = YES;
				ENABLE_TESTABILITY = YES;
				GCC_C_LANGUAGE_STANDARD = gnu11;
				GCC_DYNAMIC_NO_PIC = NO;
				GCC_NO_COMMON_BLOCKS = YES;
				GCC_OPTIMIZATION_LEVEL = 0;
				GCC_PREPROCESSOR_DEFINITIONS = (
					"DEBUG=1",
					"$(inherited)",
				);
				GCC_WARN_64_TO_32_BIT_CONVERSION = YES;
				GCC_WARN_ABOUT_RETURN_TYPE = YES_ERROR;
				GCC_WARN_UNDECLARED_SELECTOR = YES;
				GCC_WARN_UNINITIALIZED_AUTOS = YES_AGGRESSIVE;
				GCC_WARN_UNUSED_FUNCTION = YES;
				GCC_WARN_UNUSED_VARIABLE = YES;
				IPHONEOS_DEPLOYMENT_TARGET = 11.2;
				MTL_ENABLE_DEBUG_INFO = YES;
				ONLY_ACTIVE_ARCH = YES;
				SDKROOT = iphoneos;
				SWIFT_ACTIVE_COMPILATION_CONDITIONS = DEBUG;
				SWIFT_OPTIMIZATION_LEVEL = "-Onone";
			};
			name = Debug;
		};
		3D8BC5C8205CF89900C09C5E /* Release */ = {
			isa = XCBuildConfiguration;
			buildSettings = {
				ALWAYS_SEARCH_USER_PATHS = NO;
				CLANG_ANALYZER_NONNULL = YES;
				CLANG_ANALYZER_NUMBER_OBJECT_CONVERSION = YES_AGGRESSIVE;
				CLANG_CXX_LANGUAGE_STANDARD = "gnu++14";
				CLANG_CXX_LIBRARY = "libc++";
				CLANG_ENABLE_MODULES = YES;
				CLANG_ENABLE_OBJC_ARC = YES;
				CLANG_WARN_BLOCK_CAPTURE_AUTORELEASING = YES;
				CLANG_WARN_BOOL_CONVERSION = YES;
				CLANG_WARN_COMMA = YES;
				CLANG_WARN_CONSTANT_CONVERSION = YES;
				CLANG_WARN_DIRECT_OBJC_ISA_USAGE = YES_ERROR;
				CLANG_WARN_DOCUMENTATION_COMMENTS = YES;
				CLANG_WARN_EMPTY_BODY = YES;
				CLANG_WARN_ENUM_CONVERSION = YES;
				CLANG_WARN_INFINITE_RECURSION = YES;
				CLANG_WARN_INT_CONVERSION = YES;
				CLANG_WARN_NON_LITERAL_NULL_CONVERSION = YES;
				CLANG_WARN_OBJC_LITERAL_CONVERSION = YES;
				CLANG_WARN_OBJC_ROOT_CLASS = YES_ERROR;
				CLANG_WARN_RANGE_LOOP_ANALYSIS = YES;
				CLANG_WARN_STRICT_PROTOTYPES = YES;
				CLANG_WARN_SUSPICIOUS_MOVE = YES;
				CLANG_WARN_UNGUARDED_AVAILABILITY = YES_AGGRESSIVE;
				CLANG_WARN_UNREACHABLE_CODE = YES;
				CLANG_WARN__DUPLICATE_METHOD_MATCH = YES;
				CODE_SIGN_IDENTITY = "iPhone Developer";
				COPY_PHASE_STRIP = NO;
				DEBUG_INFORMATION_FORMAT = "dwarf-with-dsym";
				ENABLE_NS_ASSERTIONS = NO;
				ENABLE_STRICT_OBJC_MSGSEND = YES;
				GCC_C_LANGUAGE_STANDARD = gnu11;
				GCC_NO_COMMON_BLOCKS = YES;
				GCC_WARN_64_TO_32_BIT_CONVERSION = YES;
				GCC_WARN_ABOUT_RETURN_TYPE = YES_ERROR;
				GCC_WARN_UNDECLARED_SELECTOR = YES;
				GCC_WARN_UNINITIALIZED_AUTOS = YES_AGGRESSIVE;
				GCC_WARN_UNUSED_FUNCTION = YES;
				GCC_WARN_UNUSED_VARIABLE = YES;
				IPHONEOS_DEPLOYMENT_TARGET = 11.2;
				MTL_ENABLE_DEBUG_INFO = NO;
				SDKROOT = iphoneos;
				SWIFT_OPTIMIZATION_LEVEL = "-Owholemodule";
				VALIDATE_PRODUCT = YES;
			};
			name = Release;
		};
		3D8BC5CA205CF89900C09C5E /* Debug */ = {
			isa = XCBuildConfiguration;
			buildSettings = {
				ASSETCATALOG_COMPILER_APPICON_NAME = AppIcon;
				CODE_SIGN_STYLE = Automatic;
				DEVELOPMENT_TEAM = 4S3NCEBHL3;
				INFOPLIST_FILE = Noodoe/Info.plist;
				IPHONEOS_DEPLOYMENT_TARGET = 11.0;
				LD_RUNPATH_SEARCH_PATHS = "$(inherited) @executable_path/Frameworks";
				PRODUCT_BUNDLE_IDENTIFIER = com.giggs.Noodoe;
				PRODUCT_NAME = "$(TARGET_NAME)";
				SWIFT_VERSION = 4.0;
				TARGETED_DEVICE_FAMILY = "1,2";
			};
			name = Debug;
		};
		3D8BC5CB205CF89900C09C5E /* Release */ = {
			isa = XCBuildConfiguration;
			buildSettings = {
				ASSETCATALOG_COMPILER_APPICON_NAME = AppIcon;
				CODE_SIGN_STYLE = Automatic;
				DEVELOPMENT_TEAM = 4S3NCEBHL3;
				INFOPLIST_FILE = Noodoe/Info.plist;
				IPHONEOS_DEPLOYMENT_TARGET = 11.0;
				LD_RUNPATH_SEARCH_PATHS = "$(inherited) @executable_path/Frameworks";
				PRODUCT_BUNDLE_IDENTIFIER = com.giggs.Noodoe;
				PRODUCT_NAME = "$(TARGET_NAME)";
				SWIFT_VERSION = 4.0;
				TARGETED_DEVICE_FAMILY = "1,2";
			};
			name = Release;
		};
/* End XCBuildConfiguration section */

/* Begin XCConfigurationList section */
		3D8BC5B2205CF89900C09C5E /* Build configuration list for PBXProject "Noodoe" */ = {
			isa = XCConfigurationList;
			buildConfigurations = (
				3D8BC5C7205CF89900C09C5E /* Debug */,
				3D8BC5C8205CF89900C09C5E /* Release */,
			);
			defaultConfigurationIsVisible = 0;
			defaultConfigurationName = Release;
		};
		3D8BC5C9205CF89900C09C5E /* Build configuration list for PBXNativeTarget "Noodoe" */ = {
			isa = XCConfigurationList;
			buildConfigurations = (
				3D8BC5CA205CF89900C09C5E /* Debug */,
				3D8BC5CB205CF89900C09C5E /* Release */,
			);
			defaultConfigurationIsVisible = 0;
			defaultConfigurationName = Release;
		};
/* End XCConfigurationList section */
	};
	rootObject = 3D8BC5AF205CF89900C09C5E /* Project object */;
}
